<?xml version="1.0" encoding="utf-8"?>
<Project ToolsVersion="4.0" xmlns="http://schemas.microsoft.com/developer/msbuild/2003">
  <ItemGroup>
    <Filter Include="Source Files">
      <UniqueIdentifier>{7161e318-6ef9-4683-adad-32b0616bddb6}</UniqueIdentifier>
      <Extensions>cpp;c;cxx;rc;def;r;odl;idl;hpj;bat</Extensions>
    </Filter>
    <Filter Include="Header Files">
      <UniqueIdentifier>{26f162b2-193d-4c9e-b88c-45c7e5cc260e}</UniqueIdentifier>
      <Extensions>h;hpp;hxx;hm;inl</Extensions>
    </Filter>
  </ItemGroup>
  <ItemGroup>
    <ClCompile Include="16to8.cpp">
      <Filter>Source Files</Filter>
    </ClCompile>
    <ClCompile Include="basop.cpp">
      <Filter>Source Files</Filter>
    </ClCompile>
    <ClCompile Include="CreatFeature.cpp">
      <Filter>Source Files</Filter>
    </ClCompile>
    <ClCompile Include="EndPoint_xhg.cpp">
      <Filter>Source Files</Filter>
    </ClCompile>
    <ClCompile Include="mfcc_xhg.cpp">
      <Filter>Source Files</Filter>
    </ClCompile>
    <ClCompile Include="READ_DAT.CPP">
      <Filter>Source Files</Filter>
    </ClCompile>
  </ItemGroup>
  <ItemGroup>
    <ClInclude Include="16to8.h">
      <Filter>Header Files</Filter>
    </ClInclude>
    <ClInclude Include="basop.h">
      <Filter>Header Files</Filter>
    </ClInclude>
    <ClInclude Include="cst_lib.h">
      <Filter>Header Files</Filter>
    </ClInclude>
    <ClInclude Include="EndPoint_xhg.h">
      <Filter>Header Files</Filter>
    </ClInclude>
    <ClInclude Include="Head.h">
      <Filter>Header Files</Filter>
    </ClInclude>
    <ClInclude Include="mfcc_xhg.h">
      <Filter>Header Files</Filter>
    </ClInclude>
    <ClInclude Include="Read_Dat.h">
      <Filter>Header Files</Filter>
    </ClInclude>
  </ItemGroup>
</Project>